{
  "name": "recommendation-bulk",
  "version": "1.0.0",
  "lockfileVersion": 1,
  "requires": true,
  "dependencies": {
    "bluebird": {
      "version": "3.5.1",
      "resolved": "https://registry.npmjs.org/bluebird/-/bluebird-3.5.1.tgz",
      "integrity": "sha512-MKiLiV+I1AA596t9w1sQJ8jkiSr5+ZKi0WKrYGUn6d1Fx+Ij4tIj+m2WMQSGczs5jZVxV339chE8iwk6F64wjA=="
    },
    "lodash": {
      "version": "4.17.4",
      "resolved": "https://registry.npmjs.org/lodash/-/lodash-4.17.4.tgz",
      "integrity": "sha1-eCA6TRwyiuHYbcpkYONptX9AVa4="
    },
    "nodemailer": {
      "version": "4.3.1",
      "resolved": "https://registry.npmjs.org/nodemailer/-/nodemailer-4.3.1.tgz",
      "integrity": "sha512-ngyDzou/Rbppn9WUOpWNoe25mRrW5wMwRokWanBNLt+3YaxOLmUtrc0ZtHMOgHGFPAYNgKA9H70ELlV3qSHL7Q=="
    }
  }
}
